
Microsoft Visual Studio Solution File, Format Version 12.00
# Visual Studio 15
VisualStudioVersion = 15.0.28010.2026
MinimumVisualStudioVersion = 10.0.40219.1
Project("{8BC9CEB8-8B4A-11D0-8D11-00A0C91BC942}") = "Lesson12", "Lesson12\Lesson12.vcxproj", "{79CED931-22F9-4FCB-A782-9E10F5F90BFE}"
EndProject
Global
	GlobalSection(SolutionConfigurationPlatforms) = preSolution
		Debug|x64 = Debug|x64
		Debug|x86 = Debug|x86
		Release|x64 = Release|x64
		Release|x86 = Release|x86
	EndGlobalSection
	GlobalSection(ProjectConfigurationPlatforms) = postSolution
		{79CED931-22F9-4FCB-A782-9E10F5F90BFE}.Debug|x64.ActiveCfg = Debug|x64
		{79CED931-22F9-4FCB-A782-9E10F5F90BFE}.Debug|x64.Build.0 = Debug|x64
		{79CED931-22F9-4FCB-A782-9E10F5F90BFE}.Debug|x86.ActiveCfg = Debug|Win32
		{79CED931-22F9-4FCB-A782-9E10F5F90BFE}.Debug|x86.Build.0 = Debug|Win32
		{79CED931-22F9-4FCB-A782-9E10F5F90BFE}.Release|x64.ActiveCfg = Release|x64
		{79CED931-22F9-4FCB-A782-9E10F5F90BFE}.Release|x64.Build.0 = Release|x64
		{79CED931-22F9-4FCB-A782-9E10F5F90BFE}.Release|x86.ActiveCfg = Release|Win32
		{79CED931-22F9-4FCB-A782-9E10F5F90BFE}.Release|x86.Build.0 = Release|Win32
	EndGlobalSection
	GlobalSection(SolutionProperties) = preSolution
		HideSolutionNode = FALSE
	EndGlobalSection
	GlobalSection(ExtensibilityGlobals) = postSolution
		SolutionGuid = {B634DD80-38DA-4FFE-B784-B35B9BF580F0}
	EndGlobalSection
EndGlobal
