
Microsoft Visual Studio Solution File, Format Version 12.00
# Visual Studio 15
VisualStudioVersion = 15.0.28010.2026
MinimumVisualStudioVersion = 10.0.40219.1
Project("{8BC9CEB8-8B4A-11D0-8D11-00A0C91BC942}") = "Homework6", "Homework6\Homework6.vcxproj", "{35BD4E4F-9C6C-4B44-B2BA-2F7EB7BDD7A3}"
EndProject
Global
	GlobalSection(SolutionConfigurationPlatforms) = preSolution
		Debug|x64 = Debug|x64
		Debug|x86 = Debug|x86
		Release|x64 = Release|x64
		Release|x86 = Release|x86
	EndGlobalSection
	GlobalSection(ProjectConfigurationPlatforms) = postSolution
		{35BD4E4F-9C6C-4B44-B2BA-2F7EB7BDD7A3}.Debug|x64.ActiveCfg = Debug|x64
		{35BD4E4F-9C6C-4B44-B2BA-2F7EB7BDD7A3}.Debug|x64.Build.0 = Debug|x64
		{35BD4E4F-9C6C-4B44-B2BA-2F7EB7BDD7A3}.Debug|x86.ActiveCfg = Debug|Win32
		{35BD4E4F-9C6C-4B44-B2BA-2F7EB7BDD7A3}.Debug|x86.Build.0 = Debug|Win32
		{35BD4E4F-9C6C-4B44-B2BA-2F7EB7BDD7A3}.Release|x64.ActiveCfg = Release|x64
		{35BD4E4F-9C6C-4B44-B2BA-2F7EB7BDD7A3}.Release|x64.Build.0 = Release|x64
		{35BD4E4F-9C6C-4B44-B2BA-2F7EB7BDD7A3}.Release|x86.ActiveCfg = Release|Win32
		{35BD4E4F-9C6C-4B44-B2BA-2F7EB7BDD7A3}.Release|x86.Build.0 = Release|Win32
	EndGlobalSection
	GlobalSection(SolutionProperties) = preSolution
		HideSolutionNode = FALSE
	EndGlobalSection
	GlobalSection(ExtensibilityGlobals) = postSolution
		SolutionGuid = {2DE52FB9-43AE-4855-AFBB-065F666CE2F4}
	EndGlobalSection
EndGlobal
