
Microsoft Visual Studio Solution File, Format Version 12.00
# Visual Studio 15
VisualStudioVersion = 15.0.28010.2026
MinimumVisualStudioVersion = 10.0.40219.1
Project("{8BC9CEB8-8B4A-11D0-8D11-00A0C91BC942}") = "Lesson6", "Lesson6\Lesson6.vcxproj", "{41C3447D-2898-4A80-8D33-53C4CC09150A}"
EndProject
Global
	GlobalSection(SolutionConfigurationPlatforms) = preSolution
		Debug|x64 = Debug|x64
		Debug|x86 = Debug|x86
		Release|x64 = Release|x64
		Release|x86 = Release|x86
	EndGlobalSection
	GlobalSection(ProjectConfigurationPlatforms) = postSolution
		{41C3447D-2898-4A80-8D33-53C4CC09150A}.Debug|x64.ActiveCfg = Debug|x64
		{41C3447D-2898-4A80-8D33-53C4CC09150A}.Debug|x64.Build.0 = Debug|x64
		{41C3447D-2898-4A80-8D33-53C4CC09150A}.Debug|x86.ActiveCfg = Debug|Win32
		{41C3447D-2898-4A80-8D33-53C4CC09150A}.Debug|x86.Build.0 = Debug|Win32
		{41C3447D-2898-4A80-8D33-53C4CC09150A}.Release|x64.ActiveCfg = Release|x64
		{41C3447D-2898-4A80-8D33-53C4CC09150A}.Release|x64.Build.0 = Release|x64
		{41C3447D-2898-4A80-8D33-53C4CC09150A}.Release|x86.ActiveCfg = Release|Win32
		{41C3447D-2898-4A80-8D33-53C4CC09150A}.Release|x86.Build.0 = Release|Win32
	EndGlobalSection
	GlobalSection(SolutionProperties) = preSolution
		HideSolutionNode = FALSE
	EndGlobalSection
	GlobalSection(ExtensibilityGlobals) = postSolution
		SolutionGuid = {AF04A62D-27EC-43AE-84A7-476DDC07116F}
	EndGlobalSection
EndGlobal
