
Microsoft Visual Studio Solution File, Format Version 12.00
# Visual Studio 15
VisualStudioVersion = 15.0.28010.2026
MinimumVisualStudioVersion = 10.0.40219.1
Project("{8BC9CEB8-8B4A-11D0-8D11-00A0C91BC942}") = "Homework13", "Homework13\Homework13.vcxproj", "{583B5835-DBFD-41FC-BB23-DC185B41B990}"
EndProject
Global
	GlobalSection(SolutionConfigurationPlatforms) = preSolution
		Debug|x64 = Debug|x64
		Debug|x86 = Debug|x86
		Release|x64 = Release|x64
		Release|x86 = Release|x86
	EndGlobalSection
	GlobalSection(ProjectConfigurationPlatforms) = postSolution
		{583B5835-DBFD-41FC-BB23-DC185B41B990}.Debug|x64.ActiveCfg = Debug|x64
		{583B5835-DBFD-41FC-BB23-DC185B41B990}.Debug|x64.Build.0 = Debug|x64
		{583B5835-DBFD-41FC-BB23-DC185B41B990}.Debug|x86.ActiveCfg = Debug|Win32
		{583B5835-DBFD-41FC-BB23-DC185B41B990}.Debug|x86.Build.0 = Debug|Win32
		{583B5835-DBFD-41FC-BB23-DC185B41B990}.Release|x64.ActiveCfg = Release|x64
		{583B5835-DBFD-41FC-BB23-DC185B41B990}.Release|x64.Build.0 = Release|x64
		{583B5835-DBFD-41FC-BB23-DC185B41B990}.Release|x86.ActiveCfg = Release|Win32
		{583B5835-DBFD-41FC-BB23-DC185B41B990}.Release|x86.Build.0 = Release|Win32
	EndGlobalSection
	GlobalSection(SolutionProperties) = preSolution
		HideSolutionNode = FALSE
	EndGlobalSection
	GlobalSection(ExtensibilityGlobals) = postSolution
		SolutionGuid = {A47A190C-CB89-4551-B106-4EB2AF8C2786}
	EndGlobalSection
EndGlobal
