// !$*UTF8*$!
{
	archiveVersion = 1;
	classes = {
	};
	objectVersion = 50;
	objects = {

/* Begin PBXBuildFile section */
		9CDD8C7F2458ABD30033E2B8 /* AppDelegate.swift in Sources */ = {isa = PBXBuildFile; fileRef = 9CDD8C7E2458ABD30033E2B8 /* AppDelegate.swift */; };
		9CDD8C812458ABD30033E2B8 /* SceneDelegate.swift in Sources */ = {isa = PBXBuildFile; fileRef = 9CDD8C802458ABD30033E2B8 /* SceneDelegate.swift */; };
		9CDD8C832458ABD30033E2B8 /* ViewController.swift in Sources */ = {isa = PBXBuildFile; fileRef = 9CDD8C822458ABD30033E2B8 /* ViewController.swift */; };
		9CDD8C862458ABD30033E2B8 /* Main.storyboard in Resources */ = {isa = PBXBuildFile; fileRef = 9CDD8C842458ABD30033E2B8 /* Main.storyboard */; };
		9CDD8C882458ABD30033E2B8 /* Assets.xcassets in Resources */ = {isa = PBXBuildFile; fileRef = 9CDD8C872458ABD30033E2B8 /* Assets.xcassets */; };
		9CDD8C8B2458ABD30033E2B8 /* LaunchScreen.storyboard in Resources */ = {isa = PBXBuildFile; fileRef = 9CDD8C892458ABD30033E2B8 /* LaunchScreen.storyboard */; };
/* End PBXBuildFile section */

/* Begin PBXFileReference section */
		9CDD8C7B2458ABD20033E2B8 /* Lab - About Me.app */ = {isa = PBXFileReference; explicitFileType = wrapper.application; includeInIndex = 0; path = "Lab - About Me.app"; sourceTree = BUILT_PRODUCTS_DIR; };
		9CDD8C7E2458ABD30033E2B8 /* AppDelegate.swift */ = {isa = PBXFileReference; lastKnownFileType = sourcecode.swift; path = AppDelegate.swift; sourceTree = "<group>"; };
		9CDD8C802458ABD30033E2B8 /* SceneDelegate.swift */ = {isa = PBXFileReference; lastKnownFileType = sourcecode.swift; path = SceneDelegate.swift; sourceTree = "<group>"; };
		9CDD8C822458ABD30033E2B8 /* ViewController.swift */ = {isa = PBXFileReference; lastKnownFileType = sourcecode.swift; path = ViewController.swift; sourceTree = "<group>"; };
		9CDD8C852458ABD30033E2B8 /* Base */ = {isa = PBXFileReference; lastKnownFileType = file.storyboard; name = Base; path = Base.lproj/Main.storyboard; sourceTree = "<group>"; };
		9CDD8C872458ABD30033E2B8 /* Assets.xcassets */ = {isa = PBXFileReference; lastKnownFileType = folder.assetcatalog; path = Assets.xcassets; sourceTree = "<group>"; };
		9CDD8C8A2458ABD30033E2B8 /* Base */ = {isa = PBXFileReference; lastKnownFileType = file.storyboard; name = Base; path = Base.lproj/LaunchScreen.storyboard; sourceTree = "<group>"; };
		9CDD8C8C2458ABD30033E2B8 /* Info.plist */ = {isa = PBXFileReference; lastKnownFileType = text.plist.xml; path = Info.plist; sourceTree = "<group>"; };
/* End PBXFileReference section */

/* Begin PBXFrameworksBuildPhase section */
		9CDD8C782458ABD20033E2B8 /* Frameworks */ = {
			isa = PBXFrameworksBuildPhase;
			buildActionMask = 2147483647;
			files = (
			);
			runOnlyForDeploymentPostprocessing = 0;
		};
/* End PBXFrameworksBuildPhase section */

/* Begin PBXGroup section */
		9CDD8C722458ABD20033E2B8 = {
			isa = PBXGroup;
			children = (
				9CDD8C7D2458ABD30033E2B8 /* Lab - About Me */,
				9CDD8C7C2458ABD20033E2B8 /* Products */,
			);
			sourceTree = "<group>";
		};
		9CDD8C7C2458ABD20033E2B8 /* Products */ = {
			isa = PBXGroup;
			children = (
				9CDD8C7B2458ABD20033E2B8 /* Lab - About Me.app */,
			);
			name = Products;
			sourceTree = "<group>";
		};
		9CDD8C7D2458ABD30033E2B8 /* Lab - About Me */ = {
			isa = PBXGroup;
			children = (
				9CDD8C7E2458ABD30033E2B8 /* AppDelegate.swift */,
				9CDD8C802458ABD30033E2B8 /* SceneDelegate.swift */,
				9CDD8C822458ABD30033E2B8 /* ViewController.swift */,
				9CDD8C842458ABD30033E2B8 /* Main.storyboard */,
				9CDD8C872458ABD30033E2B8 /* Assets.xcassets */,
				9CDD8C892458ABD30033E2B8 /* LaunchScreen.storyboard */,
				9CDD8C8C2458ABD30033E2B8 /* Info.plist */,
			);
			path = "Lab - About Me";
			sourceTree = "<group>";
		};
/* End PBXGroup section */

/* Begin PBXNativeTarget section */
		9CDD8C7A2458ABD20033E2B8 /* Lab - About Me */ = {
			isa = PBXNativeTarget;
			buildConfigurationList = 9CDD8C8F2458ABD30033E2B8 /* Build configuration list for PBXNativeTarget "Lab - About Me" */;
			buildPhases = (
				9CDD8C772458ABD20033E2B8 /* Sources */,
				9CDD8C782458ABD20033E2B8 /* Frameworks */,
				9CDD8C792458ABD20033E2B8 /* Resources */,
			);
			buildRules = (
			);
			dependencies = (
			);
			name = "Lab - About Me";
			productName = "Lab - About Me";
			productReference = 9CDD8C7B2458ABD20033E2B8 /* Lab - About Me.app */;
			productType = "com.apple.product-type.application";
		};
/* End PBXNativeTarget section */

/* Begin PBXProject section */
		9CDD8C732458ABD20033E2B8 /* Project object */ = {
			isa = PBXProject;
			attributes = {
				LastSwiftUpdateCheck = 1140;
				LastUpgradeCheck = 1140;
				ORGANIZATIONNAME = "Pavel Prykhodko";
				TargetAttributes = {
					9CDD8C7A2458ABD20033E2B8 = {
						CreatedOnToolsVersion = 11.4.1;
					};
				};
			};
			buildConfigurationList = 9CDD8C762458ABD20033E2B8 /* Build configuration list for PBXProject "Lab - About Me" */;
			compatibilityVersion = "Xcode 9.3";
			developmentRegion = en;
			hasScannedForEncodings = 0;
			knownRegions = (
				en,
				Base,
			);
			mainGroup = 9CDD8C722458ABD20033E2B8;
			productRefGroup = 9CDD8C7C2458ABD20033E2B8 /* Products */;
			projectDirPath = "";
			projectRoot = "";
			targets = (
				9CDD8C7A2458ABD20033E2B8 /* Lab - About Me */,
			);
		};
/* End PBXProject section */

/* Begin PBXResourcesBuildPhase section */
		9CDD8C792458ABD20033E2B8 /* Resources */ = {
			isa = PBXResourcesBuildPhase;
			buildActionMask = 2147483647;
			files = (
				9CDD8C8B2458ABD30033E2B8 /* LaunchScreen.storyboard in Resources */,
				9CDD8C882458ABD30033E2B8 /* Assets.xcassets in Resources */,
				9CDD8C862458ABD30033E2B8 /* Main.storyboard in Resources */,
			);
			runOnlyForDeploymentPostprocessing = 0;
		};
/* End PBXResourcesBuildPhase section */

/* Begin PBXSourcesBuildPhase section */
		9CDD8C772458ABD20033E2B8 /* Sources */ = {
			isa = PBXSourcesBuildPhase;
			buildActionMask = 2147483647;
			files = (
				9CDD8C832458ABD30033E2B8 /* ViewController.swift in Sources */,
				9CDD8C7F2458ABD30033E2B8 /* AppDelegate.swift in Sources */,
				9CDD8C812458ABD30033E2B8 /* SceneDelegate.swift in Sources */,
			);
			runOnlyForDeploymentPostprocessing = 0;
		};
/* End PBXSourcesBuildPhase section */

/* Begin PBXVariantGroup section */
		9CDD8C842458ABD30033E2B8 /* Main.storyboard */ = {
			isa = PBXVariantGroup;
			children = (
				9CDD8C852458ABD30033E2B8 /* Base */,
			);
			name = Main.storyboard;
			sourceTree = "<group>";
		};
		9CDD8C892458ABD30033E2B8 /* LaunchScreen.storyboard */ = {
			isa = PBXVariantGroup;
			children = (
				9CDD8C8A2458ABD30033E2B8 /* Base */,
			);
			name = LaunchScreen.storyboard;
			sourceTree = "<group>";
		};
/* End PBXVariantGroup section */

/* Begin XCBuildConfiguration section */
		9CDD8C8D2458ABD30033E2B8 /* Debug */ = {
			isa = XCBuildConfiguration;
			buildSettings = {
				ALWAYS_SEARCH_USER_PATHS = NO;
				CLANG_ANALYZER_NONNULL = YES;
				CLANG_ANALYZER_NUMBER_OBJECT_CONVERSION = YES_AGGRESSIVE;
				CLANG_CXX_LANGUAGE_STANDARD = "gnu++14";
				CLANG_CXX_LIBRARY = "libc++";
				CLANG_ENABLE_MODULES = YES;
				CLANG_ENABLE_OBJC_ARC = YES;
				CLANG_ENABLE_OBJC_WEAK = YES;
				CLANG_WARN_BLOCK_CAPTURE_AUTORELEASING = YES;
				CLANG_WARN_BOOL_CONVERSION = YES;
				CLANG_WARN_COMMA = YES;
				CLANG_WARN_CONSTANT_CONVERSION = YES;
				CLANG_WARN_DEPRECATED_OBJC_IMPLEMENTATIONS = YES;
				CLANG_WARN_DIRECT_OBJC_ISA_USAGE = YES_ERROR;
				CLANG_WARN_DOCUMENTATION_COMMENTS = YES;
				CLANG_WARN_EMPTY_BODY = YES;
				CLANG_WARN_ENUM_CONVERSION = YES;
				CLANG_WARN_INFINITE_RECURSION = YES;
				CLANG_WARN_INT_CONVERSION = YES;
				CLANG_WARN_NON_LITERAL_NULL_CONVERSION = YES;
				CLANG_WARN_OBJC_IMPLICIT_RETAIN_SELF = YES;
				CLANG_WARN_OBJC_LITERAL_CONVERSION = YES;
				CLANG_WARN_OBJC_ROOT_CLASS = YES_ERROR;
				CLANG_WARN_RANGE_LOOP_ANALYSIS = YES;
				CLANG_WARN_STRICT_PROTOTYPES = YES;
				CLANG_WARN_SUSPICIOUS_MOVE = YES;
				CLANG_WARN_UNGUARDED_AVAILABILITY = YES_AGGRESSIVE;
				CLANG_WARN_UNREACHABLE_CODE = YES;
				CLANG_WARN__DUPLICATE_METHOD_MATCH = YES;
				COPY_PHASE_STRIP = NO;
				DEBUG_INFORMATION_FORMAT = dwarf;
				ENABLE_STRICT_OBJC_MSGSEND = YES;
				ENABLE_TESTABILITY = YES;
				GCC_C_LANGUAGE_STANDARD = gnu11;
				GCC_DYNAMIC_NO_PIC = NO;
				GCC_NO_COMMON_BLOCKS = YES;
				GCC_OPTIMIZATION_LEVEL = 0;
				GCC_PREPROCESSOR_DEFINITIONS = (
					"DEBUG=1",
					"$(inherited)",
				);
				GCC_WARN_64_TO_32_BIT_CONVERSION = YES;
				GCC_WARN_ABOUT_RETURN_TYPE = YES_ERROR;
				GCC_WARN_UNDECLARED_SELECTOR = YES;
				GCC_WARN_UNINITIALIZED_AUTOS = YES_AGGRESSIVE;
				GCC_WARN_UNUSED_FUNCTION = YES;
				GCC_WARN_UNUSED_VARIABLE = YES;
				IPHONEOS_DEPLOYMENT_TARGET = 13.4;
				MTL_ENABLE_DEBUG_INFO = INCLUDE_SOURCE;
				MTL_FAST_MATH = YES;
				ONLY_ACTIVE_ARCH = YES;
				SDKROOT = iphoneos;
				SWIFT_ACTIVE_COMPILATION_CONDITIONS = DEBUG;
				SWIFT_OPTIMIZATION_LEVEL = "-Onone";
			};
			name = Debug;
		};
		9CDD8C8E2458ABD30033E2B8 /* Release */ = {
			isa = XCBuildConfiguration;
			buildSettings = {
				ALWAYS_SEARCH_USER_PATHS = NO;
				CLANG_ANALYZER_NONNULL = YES;
				CLANG_ANALYZER_NUMBER_OBJECT_CONVERSION = YES_AGGRESSIVE;
				CLANG_CXX_LANGUAGE_STANDARD = "gnu++14";
				CLANG_CXX_LIBRARY = "libc++";
				CLANG_ENABLE_MODULES = YES;
				CLANG_ENABLE_OBJC_ARC = YES;
				CLANG_ENABLE_OBJC_WEAK = YES;
				CLANG_WARN_BLOCK_CAPTURE_AUTORELEASING = YES;
				CLANG_WARN_BOOL_CONVERSION = YES;
				CLANG_WARN_COMMA = YES;
				CLANG_WARN_CONSTANT_CONVERSION = YES;
				CLANG_WARN_DEPRECATED_OBJC_IMPLEMENTATIONS = YES;
				CLANG_WARN_DIRECT_OBJC_ISA_USAGE = YES_ERROR;
				CLANG_WARN_DOCUMENTATION_COMMENTS = YES;
				CLANG_WARN_EMPTY_BODY = YES;
				CLANG_WARN_ENUM_CONVERSION = YES;
				CLANG_WARN_INFINITE_RECURSION = YES;
				CLANG_WARN_INT_CONVERSION = YES;
				CLANG_WARN_NON_LITERAL_NULL_CONVERSION = YES;
				CLANG_WARN_OBJC_IMPLICIT_RETAIN_SELF = YES;
				CLANG_WARN_OBJC_LITERAL_CONVERSION = YES;
				CLANG_WARN_OBJC_ROOT_CLASS = YES_ERROR;
				CLANG_WARN_RANGE_LOOP_ANALYSIS = YES;
				CLANG_WARN_STRICT_PROTOTYPES = YES;
				CLANG_WARN_SUSPICIOUS_MOVE = YES;
				CLANG_WARN_UNGUARDED_AVAILABILITY = YES_AGGRESSIVE;
				CLANG_WARN_UNREACHABLE_CODE = YES;
				CLANG_WARN__DUPLICATE_METHOD_MATCH = YES;
				COPY_PHASE_STRIP = NO;
				DEBUG_INFORMATION_FORMAT = "dwarf-with-dsym";
				ENABLE_NS_ASSERTIONS = NO;
				ENABLE_STRICT_OBJC_MSGSEND = YES;
				GCC_C_LANGUAGE_STANDARD = gnu11;
				GCC_NO_COMMON_BLOCKS = YES;
				GCC_WARN_64_TO_32_BIT_CONVERSION = YES;
				GCC_WARN_ABOUT_RETURN_TYPE = YES_ERROR;
				GCC_WARN_UNDECLARED_SELECTOR = YES;
				GCC_WARN_UNINITIALIZED_AUTOS = YES_AGGRESSIVE;
				GCC_WARN_UNUSED_FUNCTION = YES;
				GCC_WARN_UNUSED_VARIABLE = YES;
				IPHONEOS_DEPLOYMENT_TARGET = 13.4;
				MTL_ENABLE_DEBUG_INFO = NO;
				MTL_FAST_MATH = YES;
				SDKROOT = iphoneos;
				SWIFT_COMPILATION_MODE = wholemodule;
				SWIFT_OPTIMIZATION_LEVEL = "-O";
				VALIDATE_PRODUCT = YES;
			};
			name = Release;
		};
		9CDD8C902458ABD30033E2B8 /* Debug */ = {
			isa = XCBuildConfiguration;
			buildSettings = {
				ASSETCATALOG_COMPILER_APPICON_NAME = AppIcon;
				CODE_SIGN_STYLE = Automatic;
				DEVELOPMENT_TEAM = 4F69MMSLZL;
				INFOPLIST_FILE = "Lab - About Me/Info.plist";
				LD_RUNPATH_SEARCH_PATHS = (
					"$(inherited)",
					"@executable_path/Frameworks",
				);
				PRODUCT_BUNDLE_IDENTIFIER = "pavlo.Lab---About-Me";
				PRODUCT_NAME = "$(TARGET_NAME)";
				SWIFT_VERSION = 5.0;
				TARGETED_DEVICE_FAMILY = "1,2";
			};
			name = Debug;
		};
		9CDD8C912458ABD30033E2B8 /* Release */ = {
			isa = XCBuildConfiguration;
			buildSettings = {
				ASSETCATALOG_COMPILER_APPICON_NAME = AppIcon;
				CODE_SIGN_STYLE = Automatic;
				DEVELOPMENT_TEAM = 4F69MMSLZL;
				INFOPLIST_FILE = "Lab - About Me/Info.plist";
				LD_RUNPATH_SEARCH_PATHS = (
					"$(inherited)",
					"@executable_path/Frameworks",
				);
				PRODUCT_BUNDLE_IDENTIFIER = "pavlo.Lab---About-Me";
				PRODUCT_NAME = "$(TARGET_NAME)";
				SWIFT_VERSION = 5.0;
				TARGETED_DEVICE_FAMILY = "1,2";
			};
			name = Release;
		};
/* End XCBuildConfiguration section */

/* Begin XCConfigurationList section */
		9CDD8C762458ABD20033E2B8 /* Build configuration list for PBXProject "Lab - About Me" */ = {
			isa = XCConfigurationList;
			buildConfigurations = (
				9CDD8C8D2458ABD30033E2B8 /* Debug */,
				9CDD8C8E2458ABD30033E2B8 /* Release */,
			);
			defaultConfigurationIsVisible = 0;
			defaultConfigurationName = Release;
		};
		9CDD8C8F2458ABD30033E2B8 /* Build configuration list for PBXNativeTarget "Lab - About Me" */ = {
			isa = XCConfigurationList;
			buildConfigurations = (
				9CDD8C902458ABD30033E2B8 /* Debug */,
				9CDD8C912458ABD30033E2B8 /* Release */,
			);
			defaultConfigurationIsVisible = 0;
			defaultConfigurationName = Release;
		};
/* End XCConfigurationList section */
	};
	rootObject = 9CDD8C732458ABD20033E2B8 /* Project object */;
}
